
Microsoft Visual Studio Solution File, Format Version 12.00
# Visual Studio Version 17
VisualStudioVersion = 17.3.32929.385
MinimumVisualStudioVersion = 10.0.40219.1
Project("{FAE04EC0-301F-11D3-BF4B-00C04F79EFBC}") = "Fantasy Freaks", "Fantasy Freaks.csproj", "{C4F31455-105F-44C4-9C4B-E0E6CB5848ED}"
EndProject
Project("{FAE04EC0-301F-11D3-BF4B-00C04F79EFBC}") = "DataAccess", "..\DataAccess\DataAccess.csproj", "{33A170B3-CE81-40BB-847C-102C6BC986C4}"
EndProject
Project("{FAE04EC0-301F-11D3-BF4B-00C04F79EFBC}") = "WinStat Unit Test", "..\WinStat Unit Test\WinStat Unit Test.csproj", "{29649032-3779-435C-AD0B-89C682AC1BEC}"
EndProject
Global
	GlobalSection(SolutionConfigurationPlatforms) = preSolution
		Debug|Any CPU = Debug|Any CPU
		Release|Any CPU = Release|Any CPU
	EndGlobalSection
	GlobalSection(ProjectConfigurationPlatforms) = postSolution
		{C4F31455-105F-44C4-9C4B-E0E6CB5848ED}.Debug|Any CPU.ActiveCfg = Debug|Any CPU
		{C4F31455-105F-44C4-9C4B-E0E6CB5848ED}.Debug|Any CPU.Build.0 = Debug|Any CPU
		{C4F31455-105F-44C4-9C4B-E0E6CB5848ED}.Release|Any CPU.ActiveCfg = Release|Any CPU
		{C4F31455-105F-44C4-9C4B-E0E6CB5848ED}.Release|Any CPU.Build.0 = Release|Any CPU
		{33A170B3-CE81-40BB-847C-102C6BC986C4}.Debug|Any CPU.ActiveCfg = Debug|Any CPU
		{33A170B3-CE81-40BB-847C-102C6BC986C4}.Debug|Any CPU.Build.0 = Debug|Any CPU
		{33A170B3-CE81-40BB-847C-102C6BC986C4}.Release|Any CPU.ActiveCfg = Release|Any CPU
		{33A170B3-CE81-40BB-847C-102C6BC986C4}.Release|Any CPU.Build.0 = Release|Any CPU
		{29649032-3779-435C-AD0B-89C682AC1BEC}.Debug|Any CPU.ActiveCfg = Debug|Any CPU
		{29649032-3779-435C-AD0B-89C682AC1BEC}.Debug|Any CPU.Build.0 = Debug|Any CPU
		{29649032-3779-435C-AD0B-89C682AC1BEC}.Release|Any CPU.ActiveCfg = Release|Any CPU
		{29649032-3779-435C-AD0B-89C682AC1BEC}.Release|Any CPU.Build.0 = Release|Any CPU
	EndGlobalSection
	GlobalSection(SolutionProperties) = preSolution
		HideSolutionNode = FALSE
	EndGlobalSection
	GlobalSection(ExtensibilityGlobals) = postSolution
		SolutionGuid = {06721918-A1EC-475D-8B49-2BE5785FF462}
	EndGlobalSection
EndGlobal
